// !$*UTF8*$!
{
	archiveVersion = 1;
	classes = {
	};
	objectVersion = 51;
	objects = {

/* Begin PBXBuildFile section */
		6C3F261A2673B422006FF7E1 /* VideoTableViewCell.swift in Sources */ = {isa = PBXBuildFile; fileRef = 6C3F26192673B422006FF7E1 /* VideoTableViewCell.swift */; };
		6C7CFAD1267388B800225A53 /* AppDelegate.swift in Sources */ = {isa = PBXBuildFile; fileRef = 6C7CFAD0267388B800225A53 /* AppDelegate.swift */; };
		6C7CFAD3267388B800225A53 /* SceneDelegate.swift in Sources */ = {isa = PBXBuildFile; fileRef = 6C7CFAD2267388B800225A53 /* SceneDelegate.swift */; };
		6C7CFAD5267388B800225A53 /* ViewController.swift in Sources */ = {isa = PBXBuildFile; fileRef = 6C7CFAD4267388B800225A53 /* ViewController.swift */; };
		6C7CFAD8267388B800225A53 /* Main.storyboard in Resources */ = {isa = PBXBuildFile; fileRef = 6C7CFAD6267388B800225A53 /* Main.storyboard */; };
		6C7CFADA267388BC00225A53 /* Assets.xcassets in Resources */ = {isa = PBXBuildFile; fileRef = 6C7CFAD9267388BC00225A53 /* Assets.xcassets */; };
		6C7CFADD267388BC00225A53 /* LaunchScreen.storyboard in Resources */ = {isa = PBXBuildFile; fileRef = 6C7CFADB267388BC00225A53 /* LaunchScreen.storyboard */; };
		9AD2AB9ADCB9DF633474CEE1 /* Pods_TikTok.framework in Frameworks */ = {isa = PBXBuildFile; fileRef = 009AD31710FCE8839E12201C /* Pods_TikTok.framework */; };
/* End PBXBuildFile section */

/* Begin PBXFileReference section */
		009AD31710FCE8839E12201C /* Pods_TikTok.framework */ = {isa = PBXFileReference; explicitFileType = wrapper.framework; includeInIndex = 0; path = Pods_TikTok.framework; sourceTree = BUILT_PRODUCTS_DIR; };
		6C3F26192673B422006FF7E1 /* VideoTableViewCell.swift */ = {isa = PBXFileReference; lastKnownFileType = sourcecode.swift; path = VideoTableViewCell.swift; sourceTree = "<group>"; };
		6C7CFACD267388B800225A53 /* TikTok.app */ = {isa = PBXFileReference; explicitFileType = wrapper.application; includeInIndex = 0; path = TikTok.app; sourceTree = BUILT_PRODUCTS_DIR; };
		6C7CFAD0267388B800225A53 /* AppDelegate.swift */ = {isa = PBXFileReference; lastKnownFileType = sourcecode.swift; path = AppDelegate.swift; sourceTree = "<group>"; };
		6C7CFAD2267388B800225A53 /* SceneDelegate.swift */ = {isa = PBXFileReference; lastKnownFileType = sourcecode.swift; path = SceneDelegate.swift; sourceTree = "<group>"; };
		6C7CFAD4267388B800225A53 /* ViewController.swift */ = {isa = PBXFileReference; lastKnownFileType = sourcecode.swift; path = ViewController.swift; sourceTree = "<group>"; };
		6C7CFAD7267388B800225A53 /* Base */ = {isa = PBXFileReference; lastKnownFileType = file.storyboard; name = Base; path = Base.lproj/Main.storyboard; sourceTree = "<group>"; };
		6C7CFAD9267388BC00225A53 /* Assets.xcassets */ = {isa = PBXFileReference; lastKnownFileType = folder.assetcatalog; path = Assets.xcassets; sourceTree = "<group>"; };
		6C7CFADC267388BC00225A53 /* Base */ = {isa = PBXFileReference; lastKnownFileType = file.storyboard; name = Base; path = Base.lproj/LaunchScreen.storyboard; sourceTree = "<group>"; };
		6C7CFADE267388BC00225A53 /* Info.plist */ = {isa = PBXFileReference; lastKnownFileType = text.plist.xml; path = Info.plist; sourceTree = "<group>"; };
		7FE0DD2E0DD666E21275C64D /* Pods-TikTok.debug.xcconfig */ = {isa = PBXFileReference; includeInIndex = 1; lastKnownFileType = text.xcconfig; name = "Pods-TikTok.debug.xcconfig"; path = "Target Support Files/Pods-TikTok/Pods-TikTok.debug.xcconfig"; sourceTree = "<group>"; };
		920F6B0526A25C42ACA4D73F /* Pods-TikTok.release.xcconfig */ = {isa = PBXFileReference; includeInIndex = 1; lastKnownFileType = text.xcconfig; name = "Pods-TikTok.release.xcconfig"; path = "Target Support Files/Pods-TikTok/Pods-TikTok.release.xcconfig"; sourceTree = "<group>"; };
/* End PBXFileReference section */

/* Begin PBXFrameworksBuildPhase section */
		6C7CFACA267388B800225A53 /* Frameworks */ = {
			isa = PBXFrameworksBuildPhase;
			buildActionMask = 2147483647;
			files = (
				9AD2AB9ADCB9DF633474CEE1 /* Pods_TikTok.framework in Frameworks */,
			);
			runOnlyForDeploymentPostprocessing = 0;
		};
/* End PBXFrameworksBuildPhase section */

/* Begin PBXGroup section */
		6C7CFAC4267388B800225A53 = {
			isa = PBXGroup;
			children = (
				6C7CFACF267388B800225A53 /* TikTok */,
				6C7CFACE267388B800225A53 /* Products */,
				F879E176D9A63733276B82C6 /* Pods */,
				E5F1F4E53C344563F63880A7 /* Frameworks */,
			);
			sourceTree = "<group>";
		};
		6C7CFACE267388B800225A53 /* Products */ = {
			isa = PBXGroup;
			children = (
				6C7CFACD267388B800225A53 /* TikTok.app */,
			);
			name = Products;
			sourceTree = "<group>";
		};
		6C7CFACF267388B800225A53 /* TikTok */ = {
			isa = PBXGroup;
			children = (
				6C7CFAD0267388B800225A53 /* AppDelegate.swift */,
				6C7CFAD2267388B800225A53 /* SceneDelegate.swift */,
				6C7CFAD4267388B800225A53 /* ViewController.swift */,
				6C7CFAD6267388B800225A53 /* Main.storyboard */,
				6C7CFAD9267388BC00225A53 /* Assets.xcassets */,
				6C7CFADB267388BC00225A53 /* LaunchScreen.storyboard */,
				6C7CFADE267388BC00225A53 /* Info.plist */,
				6C3F26192673B422006FF7E1 /* VideoTableViewCell.swift */,
			);
			path = TikTok;
			sourceTree = "<group>";
		};
		E5F1F4E53C344563F63880A7 /* Frameworks */ = {
			isa = PBXGroup;
			children = (
				009AD31710FCE8839E12201C /* Pods_TikTok.framework */,
			);
			name = Frameworks;
			sourceTree = "<group>";
		};
		F879E176D9A63733276B82C6 /* Pods */ = {
			isa = PBXGroup;
			children = (
				7FE0DD2E0DD666E21275C64D /* Pods-TikTok.debug.xcconfig */,
				920F6B0526A25C42ACA4D73F /* Pods-TikTok.release.xcconfig */,
			);
			path = Pods;
			sourceTree = "<group>";
		};
/* End PBXGroup section */

/* Begin PBXNativeTarget section */
		6C7CFACC267388B800225A53 /* TikTok */ = {
			isa = PBXNativeTarget;
			buildConfigurationList = 6C7CFAE1267388BC00225A53 /* Build configuration list for PBXNativeTarget "TikTok" */;
			buildPhases = (
				A013A2604D6129942381407F /* [CP] Check Pods Manifest.lock */,
				6C7CFAC9267388B800225A53 /* Sources */,
				6C7CFACA267388B800225A53 /* Frameworks */,
				6C7CFACB267388B800225A53 /* Resources */,
				FE6F301DB84A5B7516FB903D /* [CP] Embed Pods Frameworks */,
			);
			buildRules = (
			);
			dependencies = (
			);
			name = TikTok;
			productName = TikTok;
			productReference = 6C7CFACD267388B800225A53 /* TikTok.app */;
			productType = "com.apple.product-type.application";
		};
/* End PBXNativeTarget section */

/* Begin PBXProject section */
		6C7CFAC5267388B800225A53 /* Project object */ = {
			isa = PBXProject;
			attributes = {
				LastSwiftUpdateCheck = 1240;
				LastUpgradeCheck = 1240;
				TargetAttributes = {
					6C7CFACC267388B800225A53 = {
						CreatedOnToolsVersion = 12.4;
					};
				};
			};
			buildConfigurationList = 6C7CFAC8267388B800225A53 /* Build configuration list for PBXProject "TikTok" */;
			compatibilityVersion = "Xcode 9.3";
			developmentRegion = en;
			hasScannedForEncodings = 0;
			knownRegions = (
				en,
				Base,
			);
			mainGroup = 6C7CFAC4267388B800225A53;
			productRefGroup = 6C7CFACE267388B800225A53 /* Products */;
			projectDirPath = "";
			projectRoot = "";
			targets = (
				6C7CFACC267388B800225A53 /* TikTok */,
			);
		};
/* End PBXProject section */

/* Begin PBXResourcesBuildPhase section */
		6C7CFACB267388B800225A53 /* Resources */ = {
			isa = PBXResourcesBuildPhase;
			buildActionMask = 2147483647;
			files = (
				6C7CFADD267388BC00225A53 /* LaunchScreen.storyboard in Resources */,
				6C7CFADA267388BC00225A53 /* Assets.xcassets in Resources */,
				6C7CFAD8267388B800225A53 /* Main.storyboard in Resources */,
			);
			runOnlyForDeploymentPostprocessing = 0;
		};
/* End PBXResourcesBuildPhase section */

/* Begin PBXShellScriptBuildPhase section */
		A013A2604D6129942381407F /* [CP] Check Pods Manifest.lock */ = {
			isa = PBXShellScriptBuildPhase;
			buildActionMask = 2147483647;
			files = (
			);
			inputFileListPaths = (
			);
			inputPaths = (
				"${PODS_PODFILE_DIR_PATH}/Podfile.lock",
				"${PODS_ROOT}/Manifest.lock",
			);
			name = "[CP] Check Pods Manifest.lock";
			outputFileListPaths = (
			);
			outputPaths = (
				"$(DERIVED_FILE_DIR)/Pods-TikTok-checkManifestLockResult.txt",
			);
			runOnlyForDeploymentPostprocessing = 0;
			shellPath = /bin/sh;
			shellScript = "diff \"${PODS_PODFILE_DIR_PATH}/Podfile.lock\" \"${PODS_ROOT}/Manifest.lock\" > /dev/null\nif [ $? != 0 ] ; then\n    # print error to STDERR\n    echo \"error: The sandbox is not in sync with the Podfile.lock. Run 'pod install' or update your CocoaPods installation.\" >&2\n    exit 1\nfi\n# This output is used by Xcode 'outputs' to avoid re-running this script phase.\necho \"SUCCESS\" > \"${SCRIPT_OUTPUT_FILE_0}\"\n";
			showEnvVarsInLog = 0;
		};
		FE6F301DB84A5B7516FB903D /* [CP] Embed Pods Frameworks */ = {
			isa = PBXShellScriptBuildPhase;
			buildActionMask = 2147483647;
			files = (
			);
			inputFileListPaths = (
				"${PODS_ROOT}/Target Support Files/Pods-TikTok/Pods-TikTok-frameworks-${CONFIGURATION}-input-files.xcfilelist",
			);
			name = "[CP] Embed Pods Frameworks";
			outputFileListPaths = (
				"${PODS_ROOT}/Target Support Files/Pods-TikTok/Pods-TikTok-frameworks-${CONFIGURATION}-output-files.xcfilelist",
			);
			runOnlyForDeploymentPostprocessing = 0;
			shellPath = /bin/sh;
			shellScript = "\"${PODS_ROOT}/Target Support Files/Pods-TikTok/Pods-TikTok-frameworks.sh\"\n";
			showEnvVarsInLog = 0;
		};
/* End PBXShellScriptBuildPhase section */

/* Begin PBXSourcesBuildPhase section */
		6C7CFAC9267388B800225A53 /* Sources */ = {
			isa = PBXSourcesBuildPhase;
			buildActionMask = 2147483647;
			files = (
				6C7CFAD5267388B800225A53 /* ViewController.swift in Sources */,
				6C3F261A2673B422006FF7E1 /* VideoTableViewCell.swift in Sources */,
				6C7CFAD1267388B800225A53 /* AppDelegate.swift in Sources */,
				6C7CFAD3267388B800225A53 /* SceneDelegate.swift in Sources */,
			);
			runOnlyForDeploymentPostprocessing = 0;
		};
/* End PBXSourcesBuildPhase section */

/* Begin PBXVariantGroup section */
		6C7CFAD6267388B800225A53 /* Main.storyboard */ = {
			isa = PBXVariantGroup;
			children = (
				6C7CFAD7267388B800225A53 /* Base */,
			);
			name = Main.storyboard;
			sourceTree = "<group>";
		};
		6C7CFADB267388BC00225A53 /* LaunchScreen.storyboard */ = {
			isa = PBXVariantGroup;
			children = (
				6C7CFADC267388BC00225A53 /* Base */,
			);
			name = LaunchScreen.storyboard;
			sourceTree = "<group>";
		};
/* End PBXVariantGroup section */

/* Begin XCBuildConfiguration section */
		6C7CFADF267388BC00225A53 /* Debug */ = {
			isa = XCBuildConfiguration;
			buildSettings = {
				ALWAYS_SEARCH_USER_PATHS = NO;
				CLANG_ANALYZER_NONNULL = YES;
				CLANG_ANALYZER_NUMBER_OBJECT_CONVERSION = YES_AGGRESSIVE;
				CLANG_CXX_LANGUAGE_STANDARD = "gnu++14";
				CLANG_CXX_LIBRARY = "libc++";
				CLANG_ENABLE_MODULES = YES;
				CLANG_ENABLE_OBJC_ARC = YES;
				CLANG_ENABLE_OBJC_WEAK = YES;
				CLANG_WARN_BLOCK_CAPTURE_AUTORELEASING = YES;
				CLANG_WARN_BOOL_CONVERSION = YES;
				CLANG_WARN_COMMA = YES;
				CLANG_WARN_CONSTANT_CONVERSION = YES;
				CLANG_WARN_DEPRECATED_OBJC_IMPLEMENTATIONS = YES;
				CLANG_WARN_DIRECT_OBJC_ISA_USAGE = YES_ERROR;
				CLANG_WARN_DOCUMENTATION_COMMENTS = YES;
				CLANG_WARN_EMPTY_BODY = YES;
				CLANG_WARN_ENUM_CONVERSION = YES;
				CLANG_WARN_INFINITE_RECURSION = YES;
				CLANG_WARN_INT_CONVERSION = YES;
				CLANG_WARN_NON_LITERAL_NULL_CONVERSION = YES;
				CLANG_WARN_OBJC_IMPLICIT_RETAIN_SELF = YES;
				CLANG_WARN_OBJC_LITERAL_CONVERSION = YES;
				CLANG_WARN_OBJC_ROOT_CLASS = YES_ERROR;
				CLANG_WARN_QUOTED_INCLUDE_IN_FRAMEWORK_HEADER = YES;
				CLANG_WARN_RANGE_LOOP_ANALYSIS = YES;
				CLANG_WARN_STRICT_PROTOTYPES = YES;
				CLANG_WARN_SUSPICIOUS_MOVE = YES;
				CLANG_WARN_UNGUARDED_AVAILABILITY = YES_AGGRESSIVE;
				CLANG_WARN_UNREACHABLE_CODE = YES;
				CLANG_WARN__DUPLICATE_METHOD_MATCH = YES;
				COPY_PHASE_STRIP = NO;
				DEBUG_INFORMATION_FORMAT = dwarf;
				ENABLE_STRICT_OBJC_MSGSEND = YES;
				ENABLE_TESTABILITY = YES;
				GCC_C_LANGUAGE_STANDARD = gnu11;
				GCC_DYNAMIC_NO_PIC = NO;
				GCC_NO_COMMON_BLOCKS = YES;
				GCC_OPTIMIZATION_LEVEL = 0;
				GCC_PREPROCESSOR_DEFINITIONS = (
					"DEBUG=1",
					"$(inherited)",
				);
				GCC_WARN_64_TO_32_BIT_CONVERSION = YES;
				GCC_WARN_ABOUT_RETURN_TYPE = YES_ERROR;
				GCC_WARN_UNDECLARED_SELECTOR = YES;
				GCC_WARN_UNINITIALIZED_AUTOS = YES_AGGRESSIVE;
				GCC_WARN_UNUSED_FUNCTION = YES;
				GCC_WARN_UNUSED_VARIABLE = YES;
				IPHONEOS_DEPLOYMENT_TARGET = 14.4;
				MTL_ENABLE_DEBUG_INFO = INCLUDE_SOURCE;
				MTL_FAST_MATH = YES;
				ONLY_ACTIVE_ARCH = YES;
				SDKROOT = iphoneos;
				SWIFT_ACTIVE_COMPILATION_CONDITIONS = DEBUG;
				SWIFT_OPTIMIZATION_LEVEL = "-Onone";
			};
			name = Debug;
		};
		6C7CFAE0267388BC00225A53 /* Release */ = {
			isa = XCBuildConfiguration;
			buildSettings = {
				ALWAYS_SEARCH_USER_PATHS = NO;
				CLANG_ANALYZER_NONNULL = YES;
				CLANG_ANALYZER_NUMBER_OBJECT_CONVERSION = YES_AGGRESSIVE;
				CLANG_CXX_LANGUAGE_STANDARD = "gnu++14";
				CLANG_CXX_LIBRARY = "libc++";
				CLANG_ENABLE_MODULES = YES;
				CLANG_ENABLE_OBJC_ARC = YES;
				CLANG_ENABLE_OBJC_WEAK = YES;
				CLANG_WARN_BLOCK_CAPTURE_AUTORELEASING = YES;
				CLANG_WARN_BOOL_CONVERSION = YES;
				CLANG_WARN_COMMA = YES;
				CLANG_WARN_CONSTANT_CONVERSION = YES;
				CLANG_WARN_DEPRECATED_OBJC_IMPLEMENTATIONS = YES;
				CLANG_WARN_DIRECT_OBJC_ISA_USAGE = YES_ERROR;
				CLANG_WARN_DOCUMENTATION_COMMENTS = YES;
				CLANG_WARN_EMPTY_BODY = YES;
				CLANG_WARN_ENUM_CONVERSION = YES;
				CLANG_WARN_INFINITE_RECURSION = YES;
				CLANG_WARN_INT_CONVERSION = YES;
				CLANG_WARN_NON_LITERAL_NULL_CONVERSION = YES;
				CLANG_WARN_OBJC_IMPLICIT_RETAIN_SELF = YES;
				CLANG_WARN_OBJC_LITERAL_CONVERSION = YES;
				CLANG_WARN_OBJC_ROOT_CLASS = YES_ERROR;
				CLANG_WARN_QUOTED_INCLUDE_IN_FRAMEWORK_HEADER = YES;
				CLANG_WARN_RANGE_LOOP_ANALYSIS = YES;
				CLANG_WARN_STRICT_PROTOTYPES = YES;
				CLANG_WARN_SUSPICIOUS_MOVE = YES;
				CLANG_WARN_UNGUARDED_AVAILABILITY = YES_AGGRESSIVE;
				CLANG_WARN_UNREACHABLE_CODE = YES;
				CLANG_WARN__DUPLICATE_METHOD_MATCH = YES;
				COPY_PHASE_STRIP = NO;
				DEBUG_INFORMATION_FORMAT = "dwarf-with-dsym";
				ENABLE_NS_ASSERTIONS = NO;
				ENABLE_STRICT_OBJC_MSGSEND = YES;
				GCC_C_LANGUAGE_STANDARD = gnu11;
				GCC_NO_COMMON_BLOCKS = YES;
				GCC_WARN_64_TO_32_BIT_CONVERSION = YES;
				GCC_WARN_ABOUT_RETURN_TYPE = YES_ERROR;
				GCC_WARN_UNDECLARED_SELECTOR = YES;
				GCC_WARN_UNINITIALIZED_AUTOS = YES_AGGRESSIVE;
				GCC_WARN_UNUSED_FUNCTION = YES;
				GCC_WARN_UNUSED_VARIABLE = YES;
				IPHONEOS_DEPLOYMENT_TARGET = 14.4;
				MTL_ENABLE_DEBUG_INFO = NO;
				MTL_FAST_MATH = YES;
				SDKROOT = iphoneos;
				SWIFT_COMPILATION_MODE = wholemodule;
				SWIFT_OPTIMIZATION_LEVEL = "-O";
				VALIDATE_PRODUCT = YES;
			};
			name = Release;
		};
		6C7CFAE2267388BC00225A53 /* Debug */ = {
			isa = XCBuildConfiguration;
			baseConfigurationReference = 7FE0DD2E0DD666E21275C64D /* Pods-TikTok.debug.xcconfig */;
			buildSettings = {
				ASSETCATALOG_COMPILER_APPICON_NAME = AppIcon;
				ASSETCATALOG_COMPILER_GLOBAL_ACCENT_COLOR_NAME = AccentColor;
				CODE_SIGN_IDENTITY = "Apple Development";
				CODE_SIGN_STYLE = Automatic;
				DEVELOPMENT_TEAM = 2A3EXCPKY9;
				INFOPLIST_FILE = TikTok/Info.plist;
				IPHONEOS_DEPLOYMENT_TARGET = 13.2;
				LD_RUNPATH_SEARCH_PATHS = (
					"$(inherited)",
					"@executable_path/Frameworks",
				);
				PRODUCT_BUNDLE_IDENTIFIER = Nikko.TikTok;
				PRODUCT_NAME = "$(TARGET_NAME)";
				PROVISIONING_PROFILE_SPECIFIER = "";
				SWIFT_VERSION = 5.0;
				TARGETED_DEVICE_FAMILY = "1,2";
			};
			name = Debug;
		};
		6C7CFAE3267388BC00225A53 /* Release */ = {
			isa = XCBuildConfiguration;
			baseConfigurationReference = 920F6B0526A25C42ACA4D73F /* Pods-TikTok.release.xcconfig */;
			buildSettings = {
				ASSETCATALOG_COMPILER_APPICON_NAME = AppIcon;
				ASSETCATALOG_COMPILER_GLOBAL_ACCENT_COLOR_NAME = AccentColor;
				CODE_SIGN_IDENTITY = "Apple Development";
				CODE_SIGN_STYLE = Automatic;
				DEVELOPMENT_TEAM = 2A3EXCPKY9;
				INFOPLIST_FILE = TikTok/Info.plist;
				IPHONEOS_DEPLOYMENT_TARGET = 13.2;
				LD_RUNPATH_SEARCH_PATHS = (
					"$(inherited)",
					"@executable_path/Frameworks",
				);
				PRODUCT_BUNDLE_IDENTIFIER = Nikko.TikTok;
				PRODUCT_NAME = "$(TARGET_NAME)";
				PROVISIONING_PROFILE_SPECIFIER = "";
				SWIFT_VERSION = 5.0;
				TARGETED_DEVICE_FAMILY = "1,2";
			};
			name = Release;
		};
/* End XCBuildConfiguration section */

/* Begin XCConfigurationList section */
		6C7CFAC8267388B800225A53 /* Build configuration list for PBXProject "TikTok" */ = {
			isa = XCConfigurationList;
			buildConfigurations = (
				6C7CFADF267388BC00225A53 /* Debug */,
				6C7CFAE0267388BC00225A53 /* Release */,
			);
			defaultConfigurationIsVisible = 0;
			defaultConfigurationName = Release;
		};
		6C7CFAE1267388BC00225A53 /* Build configuration list for PBXNativeTarget "TikTok" */ = {
			isa = XCConfigurationList;
			buildConfigurations = (
				6C7CFAE2267388BC00225A53 /* Debug */,
				6C7CFAE3267388BC00225A53 /* Release */,
			);
			defaultConfigurationIsVisible = 0;
			defaultConfigurationName = Release;
		};
/* End XCConfigurationList section */
	};
	rootObject = 6C7CFAC5267388B800225A53 /* Project object */;
}
